
Microsoft Visual Studio Solution File, Format Version 12.00
# Visual Studio Version 17
VisualStudioVersion = 17.7.34031.279
MinimumVisualStudioVersion = 10.0.40219.1
Project("{FAE04EC0-301F-11D3-BF4B-00C04F79EFBC}") = "EjemploGithub2", "EjemploGithub2.csproj", "{BCDB5DA4-CF6D-4987-98E3-ED9BBE91DC5A}"
EndProject
Global
	GlobalSection(SolutionConfigurationPlatforms) = preSolution
		Debug|Any CPU = Debug|Any CPU
		Release|Any CPU = Release|Any CPU
	EndGlobalSection
	GlobalSection(ProjectConfigurationPlatforms) = postSolution
		{BCDB5DA4-CF6D-4987-98E3-ED9BBE91DC5A}.Debug|Any CPU.ActiveCfg = Debug|Any CPU
		{BCDB5DA4-CF6D-4987-98E3-ED9BBE91DC5A}.Debug|Any CPU.Build.0 = Debug|Any CPU
		{BCDB5DA4-CF6D-4987-98E3-ED9BBE91DC5A}.Release|Any CPU.ActiveCfg = Release|Any CPU
		{BCDB5DA4-CF6D-4987-98E3-ED9BBE91DC5A}.Release|Any CPU.Build.0 = Release|Any CPU
	EndGlobalSection
	GlobalSection(SolutionProperties) = preSolution
		HideSolutionNode = FALSE
	EndGlobalSection
	GlobalSection(ExtensibilityGlobals) = postSolution
		SolutionGuid = {A7EB3F8A-E3A7-433F-B24A-ED801B0D73E3}
	EndGlobalSection
EndGlobal
